// !$*UTF8*$!
{
	archiveVersion = 1;
	classes = {
	};
	objectVersion = 50;
	objects = {

/* Begin PBXBuildFile section */
		03901E4525061E93006C55B2 /* AppDelegate.swift in Sources */ = {isa = PBXBuildFile; fileRef = 03901E4425061E93006C55B2 /* AppDelegate.swift */; };
		03901E4725061E93006C55B2 /* SceneDelegate.swift in Sources */ = {isa = PBXBuildFile; fileRef = 03901E4625061E93006C55B2 /* SceneDelegate.swift */; };
		03901E4A25061E93006C55B2 /* dayrec.xcdatamodeld in Sources */ = {isa = PBXBuildFile; fileRef = 03901E4825061E93006C55B2 /* dayrec.xcdatamodeld */; };
		03901E4E25061E96006C55B2 /* Assets.xcassets in Resources */ = {isa = PBXBuildFile; fileRef = 03901E4D25061E96006C55B2 /* Assets.xcassets */; };
		03901E5125061E96006C55B2 /* Preview Assets.xcassets in Resources */ = {isa = PBXBuildFile; fileRef = 03901E5025061E96006C55B2 /* Preview Assets.xcassets */; };
		03901E5425061E96006C55B2 /* LaunchScreen.storyboard in Resources */ = {isa = PBXBuildFile; fileRef = 03901E5225061E96006C55B2 /* LaunchScreen.storyboard */; };
		03901E5E25061FB0006C55B2 /* MainViewController.swift in Sources */ = {isa = PBXBuildFile; fileRef = 03901E5D25061FB0006C55B2 /* MainViewController.swift */; };
		03901E6425073488006C55B2 /* WorkoutReadVC.swift in Sources */ = {isa = PBXBuildFile; fileRef = 03901E6325073488006C55B2 /* WorkoutReadVC.swift */; };
		03901E662507349C006C55B2 /* WorkoutFormVC.swift in Sources */ = {isa = PBXBuildFile; fileRef = 03901E652507349C006C55B2 /* WorkoutFormVC.swift */; };
		03901E6A25073521006C55B2 /* WorkoutCell.swift in Sources */ = {isa = PBXBuildFile; fileRef = 03901E6925073521006C55B2 /* WorkoutCell.swift */; };
		03901E6C25073583006C55B2 /* WorkoutListVC.swift in Sources */ = {isa = PBXBuildFile; fileRef = 03901E6B25073583006C55B2 /* WorkoutListVC.swift */; };
/* End PBXBuildFile section */

/* Begin PBXFileReference section */
		03901E4125061E93006C55B2 /* dayrec.app */ = {isa = PBXFileReference; explicitFileType = wrapper.application; includeInIndex = 0; path = dayrec.app; sourceTree = BUILT_PRODUCTS_DIR; };
		03901E4425061E93006C55B2 /* AppDelegate.swift */ = {isa = PBXFileReference; lastKnownFileType = sourcecode.swift; path = AppDelegate.swift; sourceTree = "<group>"; };
		03901E4625061E93006C55B2 /* SceneDelegate.swift */ = {isa = PBXFileReference; lastKnownFileType = sourcecode.swift; path = SceneDelegate.swift; sourceTree = "<group>"; };
		03901E4925061E93006C55B2 /* dayrec.xcdatamodel */ = {isa = PBXFileReference; lastKnownFileType = wrapper.xcdatamodel; path = dayrec.xcdatamodel; sourceTree = "<group>"; };
		03901E4D25061E96006C55B2 /* Assets.xcassets */ = {isa = PBXFileReference; lastKnownFileType = folder.assetcatalog; path = Assets.xcassets; sourceTree = "<group>"; };
		03901E5025061E96006C55B2 /* Preview Assets.xcassets */ = {isa = PBXFileReference; lastKnownFileType = folder.assetcatalog; path = "Preview Assets.xcassets"; sourceTree = "<group>"; };
		03901E5325061E96006C55B2 /* Base */ = {isa = PBXFileReference; lastKnownFileType = file.storyboard; name = Base; path = Base.lproj/LaunchScreen.storyboard; sourceTree = "<group>"; };
		03901E5525061E96006C55B2 /* Info.plist */ = {isa = PBXFileReference; lastKnownFileType = text.plist.xml; path = Info.plist; sourceTree = "<group>"; };
		03901E5D25061FB0006C55B2 /* MainViewController.swift */ = {isa = PBXFileReference; lastKnownFileType = sourcecode.swift; path = MainViewController.swift; sourceTree = "<group>"; };
		03901E6325073488006C55B2 /* WorkoutReadVC.swift */ = {isa = PBXFileReference; lastKnownFileType = sourcecode.swift; path = WorkoutReadVC.swift; sourceTree = "<group>"; };
		03901E652507349C006C55B2 /* WorkoutFormVC.swift */ = {isa = PBXFileReference; lastKnownFileType = sourcecode.swift; path = WorkoutFormVC.swift; sourceTree = "<group>"; };
		03901E6925073521006C55B2 /* WorkoutCell.swift */ = {isa = PBXFileReference; lastKnownFileType = sourcecode.swift; path = WorkoutCell.swift; sourceTree = "<group>"; };
		03901E6B25073583006C55B2 /* WorkoutListVC.swift */ = {isa = PBXFileReference; lastKnownFileType = sourcecode.swift; path = WorkoutListVC.swift; sourceTree = "<group>"; };
/* End PBXFileReference section */

/* Begin PBXFrameworksBuildPhase section */
		03901E3E25061E93006C55B2 /* Frameworks */ = {
			isa = PBXFrameworksBuildPhase;
			buildActionMask = 2147483647;
			files = (
			);
			runOnlyForDeploymentPostprocessing = 0;
		};
/* End PBXFrameworksBuildPhase section */

/* Begin PBXGroup section */
		03901E3825061E93006C55B2 = {
			isa = PBXGroup;
			children = (
				03901E6B25073583006C55B2 /* WorkoutListVC.swift */,
				03901E4325061E93006C55B2 /* dayrec */,
				03901E4225061E93006C55B2 /* Products */,
			);
			sourceTree = "<group>";
		};
		03901E4225061E93006C55B2 /* Products */ = {
			isa = PBXGroup;
			children = (
				03901E4125061E93006C55B2 /* dayrec.app */,
			);
			name = Products;
			sourceTree = "<group>";
		};
		03901E4325061E93006C55B2 /* dayrec */ = {
			isa = PBXGroup;
			children = (
				03901E4425061E93006C55B2 /* AppDelegate.swift */,
				03901E4625061E93006C55B2 /* SceneDelegate.swift */,
				03901E5D25061FB0006C55B2 /* MainViewController.swift */,
				03901E4D25061E96006C55B2 /* Assets.xcassets */,
				03901E5225061E96006C55B2 /* LaunchScreen.storyboard */,
				03901E6925073521006C55B2 /* WorkoutCell.swift */,
				03901E652507349C006C55B2 /* WorkoutFormVC.swift */,
				03901E6325073488006C55B2 /* WorkoutReadVC.swift */,
				03901E5525061E96006C55B2 /* Info.plist */,
				03901E4825061E93006C55B2 /* dayrec.xcdatamodeld */,
				03901E4F25061E96006C55B2 /* Preview Content */,
			);
			path = dayrec;
			sourceTree = "<group>";
		};
		03901E4F25061E96006C55B2 /* Preview Content */ = {
			isa = PBXGroup;
			children = (
				03901E5025061E96006C55B2 /* Preview Assets.xcassets */,
			);
			path = "Preview Content";
			sourceTree = "<group>";
		};
/* End PBXGroup section */

/* Begin PBXNativeTarget section */
		03901E4025061E93006C55B2 /* dayrec */ = {
			isa = PBXNativeTarget;
			buildConfigurationList = 03901E5825061E96006C55B2 /* Build configuration list for PBXNativeTarget "dayrec" */;
			buildPhases = (
				03901E3D25061E93006C55B2 /* Sources */,
				03901E3E25061E93006C55B2 /* Frameworks */,
				03901E3F25061E93006C55B2 /* Resources */,
			);
			buildRules = (
			);
			dependencies = (
			);
			name = dayrec;
			productName = dayrec;
			productReference = 03901E4125061E93006C55B2 /* dayrec.app */;
			productType = "com.apple.product-type.application";
		};
/* End PBXNativeTarget section */

/* Begin PBXProject section */
		03901E3925061E93006C55B2 /* Project object */ = {
			isa = PBXProject;
			attributes = {
				LastSwiftUpdateCheck = 1150;
				LastUpgradeCheck = 1150;
				ORGANIZATIONNAME = Shawn;
				TargetAttributes = {
					03901E4025061E93006C55B2 = {
						CreatedOnToolsVersion = 11.5;
					};
				};
			};
			buildConfigurationList = 03901E3C25061E93006C55B2 /* Build configuration list for PBXProject "dayrec" */;
			compatibilityVersion = "Xcode 9.3";
			developmentRegion = en;
			hasScannedForEncodings = 0;
			knownRegions = (
				en,
				Base,
			);
			mainGroup = 03901E3825061E93006C55B2;
			productRefGroup = 03901E4225061E93006C55B2 /* Products */;
			projectDirPath = "";
			projectRoot = "";
			targets = (
				03901E4025061E93006C55B2 /* dayrec */,
			);
		};
/* End PBXProject section */

/* Begin PBXResourcesBuildPhase section */
		03901E3F25061E93006C55B2 /* Resources */ = {
			isa = PBXResourcesBuildPhase;
			buildActionMask = 2147483647;
			files = (
				03901E5425061E96006C55B2 /* LaunchScreen.storyboard in Resources */,
				03901E5125061E96006C55B2 /* Preview Assets.xcassets in Resources */,
				03901E4E25061E96006C55B2 /* Assets.xcassets in Resources */,
			);
			runOnlyForDeploymentPostprocessing = 0;
		};
/* End PBXResourcesBuildPhase section */

/* Begin PBXSourcesBuildPhase section */
		03901E3D25061E93006C55B2 /* Sources */ = {
			isa = PBXSourcesBuildPhase;
			buildActionMask = 2147483647;
			files = (
				03901E6425073488006C55B2 /* WorkoutReadVC.swift in Sources */,
				03901E4525061E93006C55B2 /* AppDelegate.swift in Sources */,
				03901E4725061E93006C55B2 /* SceneDelegate.swift in Sources */,
				03901E4A25061E93006C55B2 /* dayrec.xcdatamodeld in Sources */,
				03901E5E25061FB0006C55B2 /* MainViewController.swift in Sources */,
				03901E662507349C006C55B2 /* WorkoutFormVC.swift in Sources */,
				03901E6C25073583006C55B2 /* WorkoutListVC.swift in Sources */,
				03901E6A25073521006C55B2 /* WorkoutCell.swift in Sources */,
			);
			runOnlyForDeploymentPostprocessing = 0;
		};
/* End PBXSourcesBuildPhase section */

/* Begin PBXVariantGroup section */
		03901E5225061E96006C55B2 /* LaunchScreen.storyboard */ = {
			isa = PBXVariantGroup;
			children = (
				03901E5325061E96006C55B2 /* Base */,
			);
			name = LaunchScreen.storyboard;
			sourceTree = "<group>";
		};
/* End PBXVariantGroup section */

/* Begin XCBuildConfiguration section */
		03901E5625061E96006C55B2 /* Debug */ = {
			isa = XCBuildConfiguration;
			buildSettings = {
				ALWAYS_SEARCH_USER_PATHS = NO;
				CLANG_ANALYZER_NONNULL = YES;
				CLANG_ANALYZER_NUMBER_OBJECT_CONVERSION = YES_AGGRESSIVE;
				CLANG_CXX_LANGUAGE_STANDARD = "gnu++14";
				CLANG_CXX_LIBRARY = "libc++";
				CLANG_ENABLE_MODULES = YES;
				CLANG_ENABLE_OBJC_ARC = YES;
				CLANG_ENABLE_OBJC_WEAK = YES;
				CLANG_WARN_BLOCK_CAPTURE_AUTORELEASING = YES;
				CLANG_WARN_BOOL_CONVERSION = YES;
				CLANG_WARN_COMMA = YES;
				CLANG_WARN_CONSTANT_CONVERSION = YES;
				CLANG_WARN_DEPRECATED_OBJC_IMPLEMENTATIONS = YES;
				CLANG_WARN_DIRECT_OBJC_ISA_USAGE = YES_ERROR;
				CLANG_WARN_DOCUMENTATION_COMMENTS = YES;
				CLANG_WARN_EMPTY_BODY = YES;
				CLANG_WARN_ENUM_CONVERSION = YES;
				CLANG_WARN_INFINITE_RECURSION = YES;
				CLANG_WARN_INT_CONVERSION = YES;
				CLANG_WARN_NON_LITERAL_NULL_CONVERSION = YES;
				CLANG_WARN_OBJC_IMPLICIT_RETAIN_SELF = YES;
				CLANG_WARN_OBJC_LITERAL_CONVERSION = YES;
				CLANG_WARN_OBJC_ROOT_CLASS = YES_ERROR;
				CLANG_WARN_RANGE_LOOP_ANALYSIS = YES;
				CLANG_WARN_STRICT_PROTOTYPES = YES;
				CLANG_WARN_SUSPICIOUS_MOVE = YES;
				CLANG_WARN_UNGUARDED_AVAILABILITY = YES_AGGRESSIVE;
				CLANG_WARN_UNREACHABLE_CODE = YES;
				CLANG_WARN__DUPLICATE_METHOD_MATCH = YES;
				COPY_PHASE_STRIP = NO;
				DEBUG_INFORMATION_FORMAT = dwarf;
				ENABLE_STRICT_OBJC_MSGSEND = YES;
				ENABLE_TESTABILITY = YES;
				GCC_C_LANGUAGE_STANDARD = gnu11;
				GCC_DYNAMIC_NO_PIC = NO;
				GCC_NO_COMMON_BLOCKS = YES;
				GCC_OPTIMIZATION_LEVEL = 0;
				GCC_PREPROCESSOR_DEFINITIONS = (
					"DEBUG=1",
					"$(inherited)",
				);
				GCC_WARN_64_TO_32_BIT_CONVERSION = YES;
				GCC_WARN_ABOUT_RETURN_TYPE = YES_ERROR;
				GCC_WARN_UNDECLARED_SELECTOR = YES;
				GCC_WARN_UNINITIALIZED_AUTOS = YES_AGGRESSIVE;
				GCC_WARN_UNUSED_FUNCTION = YES;
				GCC_WARN_UNUSED_VARIABLE = YES;
				IPHONEOS_DEPLOYMENT_TARGET = 13.5;
				MTL_ENABLE_DEBUG_INFO = INCLUDE_SOURCE;
				MTL_FAST_MATH = YES;
				ONLY_ACTIVE_ARCH = YES;
				SDKROOT = iphoneos;
				SWIFT_ACTIVE_COMPILATION_CONDITIONS = DEBUG;
				SWIFT_OPTIMIZATION_LEVEL = "-Onone";
			};
			name = Debug;
		};
		03901E5725061E96006C55B2 /* Release */ = {
			isa = XCBuildConfiguration;
			buildSettings = {
				ALWAYS_SEARCH_USER_PATHS = NO;
				CLANG_ANALYZER_NONNULL = YES;
				CLANG_ANALYZER_NUMBER_OBJECT_CONVERSION = YES_AGGRESSIVE;
				CLANG_CXX_LANGUAGE_STANDARD = "gnu++14";
				CLANG_CXX_LIBRARY = "libc++";
				CLANG_ENABLE_MODULES = YES;
				CLANG_ENABLE_OBJC_ARC = YES;
				CLANG_ENABLE_OBJC_WEAK = YES;
				CLANG_WARN_BLOCK_CAPTURE_AUTORELEASING = YES;
				CLANG_WARN_BOOL_CONVERSION = YES;
				CLANG_WARN_COMMA = YES;
				CLANG_WARN_CONSTANT_CONVERSION = YES;
				CLANG_WARN_DEPRECATED_OBJC_IMPLEMENTATIONS = YES;
				CLANG_WARN_DIRECT_OBJC_ISA_USAGE = YES_ERROR;
				CLANG_WARN_DOCUMENTATION_COMMENTS = YES;
				CLANG_WARN_EMPTY_BODY = YES;
				CLANG_WARN_ENUM_CONVERSION = YES;
				CLANG_WARN_INFINITE_RECURSION = YES;
				CLANG_WARN_INT_CONVERSION = YES;
				CLANG_WARN_NON_LITERAL_NULL_CONVERSION = YES;
				CLANG_WARN_OBJC_IMPLICIT_RETAIN_SELF = YES;
				CLANG_WARN_OBJC_LITERAL_CONVERSION = YES;
				CLANG_WARN_OBJC_ROOT_CLASS = YES_ERROR;
				CLANG_WARN_RANGE_LOOP_ANALYSIS = YES;
				CLANG_WARN_STRICT_PROTOTYPES = YES;
				CLANG_WARN_SUSPICIOUS_MOVE = YES;
				CLANG_WARN_UNGUARDED_AVAILABILITY = YES_AGGRESSIVE;
				CLANG_WARN_UNREACHABLE_CODE = YES;
				CLANG_WARN__DUPLICATE_METHOD_MATCH = YES;
				COPY_PHASE_STRIP = NO;
				DEBUG_INFORMATION_FORMAT = "dwarf-with-dsym";
				ENABLE_NS_ASSERTIONS = NO;
				ENABLE_STRICT_OBJC_MSGSEND = YES;
				GCC_C_LANGUAGE_STANDARD = gnu11;
				GCC_NO_COMMON_BLOCKS = YES;
				GCC_WARN_64_TO_32_BIT_CONVERSION = YES;
				GCC_WARN_ABOUT_RETURN_TYPE = YES_ERROR;
				GCC_WARN_UNDECLARED_SELECTOR = YES;
				GCC_WARN_UNINITIALIZED_AUTOS = YES_AGGRESSIVE;
				GCC_WARN_UNUSED_FUNCTION = YES;
				GCC_WARN_UNUSED_VARIABLE = YES;
				IPHONEOS_DEPLOYMENT_TARGET = 13.5;
				MTL_ENABLE_DEBUG_INFO = NO;
				MTL_FAST_MATH = YES;
				SDKROOT = iphoneos;
				SWIFT_COMPILATION_MODE = wholemodule;
				SWIFT_OPTIMIZATION_LEVEL = "-O";
				VALIDATE_PRODUCT = YES;
			};
			name = Release;
		};
		03901E5925061E96006C55B2 /* Debug */ = {
			isa = XCBuildConfiguration;
			buildSettings = {
				ASSETCATALOG_COMPILER_APPICON_NAME = AppIcon;
				CODE_SIGN_STYLE = Automatic;
				DEVELOPMENT_ASSET_PATHS = "\"dayrec/Preview Content\"";
				DEVELOPMENT_TEAM = BL6PY5BKVS;
				ENABLE_PREVIEWS = YES;
				INFOPLIST_FILE = dayrec/Info.plist;
				LD_RUNPATH_SEARCH_PATHS = (
					"$(inherited)",
					"@executable_path/Frameworks",
				);
				PRODUCT_BUNDLE_IDENTIFIER = com.Shawn.dayrec;
				PRODUCT_NAME = "$(TARGET_NAME)";
				SWIFT_VERSION = 5.0;
				TARGETED_DEVICE_FAMILY = "1,2";
			};
			name = Debug;
		};
		03901E5A25061E96006C55B2 /* Release */ = {
			isa = XCBuildConfiguration;
			buildSettings = {
				ASSETCATALOG_COMPILER_APPICON_NAME = AppIcon;
				CODE_SIGN_STYLE = Automatic;
				DEVELOPMENT_ASSET_PATHS = "\"dayrec/Preview Content\"";
				DEVELOPMENT_TEAM = BL6PY5BKVS;
				ENABLE_PREVIEWS = YES;
				INFOPLIST_FILE = dayrec/Info.plist;
				LD_RUNPATH_SEARCH_PATHS = (
					"$(inherited)",
					"@executable_path/Frameworks",
				);
				PRODUCT_BUNDLE_IDENTIFIER = com.Shawn.dayrec;
				PRODUCT_NAME = "$(TARGET_NAME)";
				SWIFT_VERSION = 5.0;
				TARGETED_DEVICE_FAMILY = "1,2";
			};
			name = Release;
		};
/* End XCBuildConfiguration section */

/* Begin XCConfigurationList section */
		03901E3C25061E93006C55B2 /* Build configuration list for PBXProject "dayrec" */ = {
			isa = XCConfigurationList;
			buildConfigurations = (
				03901E5625061E96006C55B2 /* Debug */,
				03901E5725061E96006C55B2 /* Release */,
			);
			defaultConfigurationIsVisible = 0;
			defaultConfigurationName = Release;
		};
		03901E5825061E96006C55B2 /* Build configuration list for PBXNativeTarget "dayrec" */ = {
			isa = XCConfigurationList;
			buildConfigurations = (
				03901E5925061E96006C55B2 /* Debug */,
				03901E5A25061E96006C55B2 /* Release */,
			);
			defaultConfigurationIsVisible = 0;
			defaultConfigurationName = Release;
		};
/* End XCConfigurationList section */

/* Begin XCVersionGroup section */
		03901E4825061E93006C55B2 /* dayrec.xcdatamodeld */ = {
			isa = XCVersionGroup;
			children = (
				03901E4925061E93006C55B2 /* dayrec.xcdatamodel */,
			);
			currentVersion = 03901E4925061E93006C55B2 /* dayrec.xcdatamodel */;
			path = dayrec.xcdatamodeld;
			sourceTree = "<group>";
			versionGroupType = wrapper.xcdatamodel;
		};
/* End XCVersionGroup section */
	};
	rootObject = 03901E3925061E93006C55B2 /* Project object */;
}
