// !$*UTF8*$!
{
	archiveVersion = 1;
	classes = {
	};
	objectVersion = 51;
	objects = {

/* Begin PBXBuildFile section */
		033A966F2509F3A000A04CD2 /* AddPageVC.swift in Sources */ = {isa = PBXBuildFile; fileRef = 033A966E2509F3A000A04CD2 /* AddPageVC.swift */; };
		03679AD9250F18B600381BC5 /* WorkoutDAO.swift in Sources */ = {isa = PBXBuildFile; fileRef = 03679AD8250F18B600381BC5 /* WorkoutDAO.swift */; };
		03679ADB250F2EB000381BC5 /* dayrec.xcdatamodel in Sources */ = {isa = PBXBuildFile; fileRef = 03679ADA250F2EB000381BC5 /* dayrec.xcdatamodel */; };
		03901E4525061E93006C55B2 /* AppDelegate.swift in Sources */ = {isa = PBXBuildFile; fileRef = 03901E4425061E93006C55B2 /* AppDelegate.swift */; };
		03901E4725061E93006C55B2 /* SceneDelegate.swift in Sources */ = {isa = PBXBuildFile; fileRef = 03901E4625061E93006C55B2 /* SceneDelegate.swift */; };
		03901E4E25061E96006C55B2 /* Assets.xcassets in Resources */ = {isa = PBXBuildFile; fileRef = 03901E4D25061E96006C55B2 /* Assets.xcassets */; };
		03901E5125061E96006C55B2 /* Preview Assets.xcassets in Resources */ = {isa = PBXBuildFile; fileRef = 03901E5025061E96006C55B2 /* Preview Assets.xcassets */; };
		03901E5425061E96006C55B2 /* LaunchScreen.storyboard in Resources */ = {isa = PBXBuildFile; fileRef = 03901E5225061E96006C55B2 /* LaunchScreen.storyboard */; };
		03901E5E25061FB0006C55B2 /* MainViewController.swift in Sources */ = {isa = PBXBuildFile; fileRef = 03901E5D25061FB0006C55B2 /* MainViewController.swift */; };
		03901E6425073488006C55B2 /* WorkoutReadVC.swift in Sources */ = {isa = PBXBuildFile; fileRef = 03901E6325073488006C55B2 /* WorkoutReadVC.swift */; };
		03901E662507349C006C55B2 /* WorkoutFormVC.swift in Sources */ = {isa = PBXBuildFile; fileRef = 03901E652507349C006C55B2 /* WorkoutFormVC.swift */; };
		03901E6A25073521006C55B2 /* WorkoutCell.swift in Sources */ = {isa = PBXBuildFile; fileRef = 03901E6925073521006C55B2 /* WorkoutCell.swift */; };
		03901E6C25073583006C55B2 /* WorkoutListVC.swift in Sources */ = {isa = PBXBuildFile; fileRef = 03901E6B25073583006C55B2 /* WorkoutListVC.swift */; };
		03901E6E250735F8006C55B2 /* WorkoutData.swift in Sources */ = {isa = PBXBuildFile; fileRef = 03901E6D250735F8006C55B2 /* WorkoutData.swift */; };
		CFD90FAE71D30395F25A9B8E /* Pods_dayrec.framework in Frameworks */ = {isa = PBXBuildFile; fileRef = 5DC1AA43FB428AC9592335C0 /* Pods_dayrec.framework */; };
/* End PBXBuildFile section */

/* Begin PBXFileReference section */
		033A966E2509F3A000A04CD2 /* AddPageVC.swift */ = {isa = PBXFileReference; lastKnownFileType = sourcecode.swift; path = AddPageVC.swift; sourceTree = "<group>"; };
		03679AD8250F18B600381BC5 /* WorkoutDAO.swift */ = {isa = PBXFileReference; lastKnownFileType = sourcecode.swift; path = WorkoutDAO.swift; sourceTree = "<group>"; };
		03679ADA250F2EB000381BC5 /* dayrec.xcdatamodel */ = {isa = PBXFileReference; lastKnownFileType = wrapper.xcdatamodel; name = dayrec.xcdatamodel; path = dayrec.xcdatamodeld/dayrec.xcdatamodel; sourceTree = "<group>"; };
		03901E4125061E93006C55B2 /* dayrec.app */ = {isa = PBXFileReference; explicitFileType = wrapper.application; includeInIndex = 0; path = dayrec.app; sourceTree = BUILT_PRODUCTS_DIR; };
		03901E4425061E93006C55B2 /* AppDelegate.swift */ = {isa = PBXFileReference; lastKnownFileType = sourcecode.swift; path = AppDelegate.swift; sourceTree = "<group>"; };
		03901E4625061E93006C55B2 /* SceneDelegate.swift */ = {isa = PBXFileReference; lastKnownFileType = sourcecode.swift; path = SceneDelegate.swift; sourceTree = "<group>"; };
		03901E4D25061E96006C55B2 /* Assets.xcassets */ = {isa = PBXFileReference; lastKnownFileType = folder.assetcatalog; path = Assets.xcassets; sourceTree = "<group>"; };
		03901E5025061E96006C55B2 /* Preview Assets.xcassets */ = {isa = PBXFileReference; lastKnownFileType = folder.assetcatalog; path = "Preview Assets.xcassets"; sourceTree = "<group>"; };
		03901E5325061E96006C55B2 /* Base */ = {isa = PBXFileReference; lastKnownFileType = file.storyboard; name = Base; path = Base.lproj/LaunchScreen.storyboard; sourceTree = "<group>"; };
		03901E5525061E96006C55B2 /* Info.plist */ = {isa = PBXFileReference; lastKnownFileType = text.plist.xml; path = Info.plist; sourceTree = "<group>"; };
		03901E5D25061FB0006C55B2 /* MainViewController.swift */ = {isa = PBXFileReference; lastKnownFileType = sourcecode.swift; path = MainViewController.swift; sourceTree = "<group>"; };
		03901E6325073488006C55B2 /* WorkoutReadVC.swift */ = {isa = PBXFileReference; lastKnownFileType = sourcecode.swift; path = WorkoutReadVC.swift; sourceTree = "<group>"; };
		03901E652507349C006C55B2 /* WorkoutFormVC.swift */ = {isa = PBXFileReference; lastKnownFileType = sourcecode.swift; path = WorkoutFormVC.swift; sourceTree = "<group>"; };
		03901E6925073521006C55B2 /* WorkoutCell.swift */ = {isa = PBXFileReference; lastKnownFileType = sourcecode.swift; path = WorkoutCell.swift; sourceTree = "<group>"; };
		03901E6B25073583006C55B2 /* WorkoutListVC.swift */ = {isa = PBXFileReference; lastKnownFileType = sourcecode.swift; path = WorkoutListVC.swift; sourceTree = "<group>"; };
		03901E6D250735F8006C55B2 /* WorkoutData.swift */ = {isa = PBXFileReference; lastKnownFileType = sourcecode.swift; path = WorkoutData.swift; sourceTree = "<group>"; };
		5DC1AA43FB428AC9592335C0 /* Pods_dayrec.framework */ = {isa = PBXFileReference; explicitFileType = wrapper.framework; includeInIndex = 0; path = Pods_dayrec.framework; sourceTree = BUILT_PRODUCTS_DIR; };
		8EAE671B5A725A38CF550AF8 /* Pods-dayrec.release.xcconfig */ = {isa = PBXFileReference; includeInIndex = 1; lastKnownFileType = text.xcconfig; name = "Pods-dayrec.release.xcconfig"; path = "Target Support Files/Pods-dayrec/Pods-dayrec.release.xcconfig"; sourceTree = "<group>"; };
		FFC780243213DDC466E766EB /* Pods-dayrec.debug.xcconfig */ = {isa = PBXFileReference; includeInIndex = 1; lastKnownFileType = text.xcconfig; name = "Pods-dayrec.debug.xcconfig"; path = "Target Support Files/Pods-dayrec/Pods-dayrec.debug.xcconfig"; sourceTree = "<group>"; };
/* End PBXFileReference section */

/* Begin PBXFrameworksBuildPhase section */
		03901E3E25061E93006C55B2 /* Frameworks */ = {
			isa = PBXFrameworksBuildPhase;
			buildActionMask = 2147483647;
			files = (
				CFD90FAE71D30395F25A9B8E /* Pods_dayrec.framework in Frameworks */,
			);
			runOnlyForDeploymentPostprocessing = 0;
		};
/* End PBXFrameworksBuildPhase section */

/* Begin PBXGroup section */
		03901E3825061E93006C55B2 = {
			isa = PBXGroup;
			children = (
				03901E4325061E93006C55B2 /* dayrec */,
				03901E4225061E93006C55B2 /* Products */,
				6AD09F61E4D57280A0C3EE67 /* Pods */,
				B0C7182D7FA7DCBE7264A582 /* Frameworks */,
			);
			sourceTree = "<group>";
		};
		03901E4225061E93006C55B2 /* Products */ = {
			isa = PBXGroup;
			children = (
				03901E4125061E93006C55B2 /* dayrec.app */,
			);
			name = Products;
			sourceTree = "<group>";
		};
		03901E4325061E93006C55B2 /* dayrec */ = {
			isa = PBXGroup;
			children = (
				03901E4425061E93006C55B2 /* AppDelegate.swift */,
				03901E6B25073583006C55B2 /* WorkoutListVC.swift */,
				03901E6D250735F8006C55B2 /* WorkoutData.swift */,
				03679AD8250F18B600381BC5 /* WorkoutDAO.swift */,
				03901E4625061E93006C55B2 /* SceneDelegate.swift */,
				03901E5D25061FB0006C55B2 /* MainViewController.swift */,
				03901E4D25061E96006C55B2 /* Assets.xcassets */,
				03901E5225061E96006C55B2 /* LaunchScreen.storyboard */,
				033A966E2509F3A000A04CD2 /* AddPageVC.swift */,
				03901E6925073521006C55B2 /* WorkoutCell.swift */,
				03901E652507349C006C55B2 /* WorkoutFormVC.swift */,
				03901E6325073488006C55B2 /* WorkoutReadVC.swift */,
				03679ADA250F2EB000381BC5 /* dayrec.xcdatamodel */,
				03901E5525061E96006C55B2 /* Info.plist */,
				03901E4F25061E96006C55B2 /* Preview Content */,
			);
			path = dayrec;
			sourceTree = "<group>";
		};
		03901E4F25061E96006C55B2 /* Preview Content */ = {
			isa = PBXGroup;
			children = (
				03901E5025061E96006C55B2 /* Preview Assets.xcassets */,
			);
			path = "Preview Content";
			sourceTree = "<group>";
		};
		6AD09F61E4D57280A0C3EE67 /* Pods */ = {
			isa = PBXGroup;
			children = (
				FFC780243213DDC466E766EB /* Pods-dayrec.debug.xcconfig */,
				8EAE671B5A725A38CF550AF8 /* Pods-dayrec.release.xcconfig */,
			);
			path = Pods;
			sourceTree = "<group>";
		};
		B0C7182D7FA7DCBE7264A582 /* Frameworks */ = {
			isa = PBXGroup;
			children = (
				5DC1AA43FB428AC9592335C0 /* Pods_dayrec.framework */,
			);
			name = Frameworks;
			sourceTree = "<group>";
		};
/* End PBXGroup section */

/* Begin PBXNativeTarget section */
		03901E4025061E93006C55B2 /* dayrec */ = {
			isa = PBXNativeTarget;
			buildConfigurationList = 03901E5825061E96006C55B2 /* Build configuration list for PBXNativeTarget "dayrec" */;
			buildPhases = (
				FC6C628DA080F9CF5DA3063F /* [CP] Check Pods Manifest.lock */,
				03901E3D25061E93006C55B2 /* Sources */,
				03901E3E25061E93006C55B2 /* Frameworks */,
				03901E3F25061E93006C55B2 /* Resources */,
				04C6EEA6EE148A9FC42587DC /* [CP] Embed Pods Frameworks */,
			);
			buildRules = (
			);
			dependencies = (
			);
			name = dayrec;
			productName = dayrec;
			productReference = 03901E4125061E93006C55B2 /* dayrec.app */;
			productType = "com.apple.product-type.application";
		};
/* End PBXNativeTarget section */

/* Begin PBXProject section */
		03901E3925061E93006C55B2 /* Project object */ = {
			isa = PBXProject;
			attributes = {
				LastSwiftUpdateCheck = 1150;
				LastUpgradeCheck = 1150;
				ORGANIZATIONNAME = Shawn;
				TargetAttributes = {
					03901E4025061E93006C55B2 = {
						CreatedOnToolsVersion = 11.5;
					};
				};
			};
			buildConfigurationList = 03901E3C25061E93006C55B2 /* Build configuration list for PBXProject "dayrec" */;
			compatibilityVersion = "Xcode 9.3";
			developmentRegion = en;
			hasScannedForEncodings = 0;
			knownRegions = (
				en,
				Base,
			);
			mainGroup = 03901E3825061E93006C55B2;
			productRefGroup = 03901E4225061E93006C55B2 /* Products */;
			projectDirPath = "";
			projectRoot = "";
			targets = (
				03901E4025061E93006C55B2 /* dayrec */,
			);
		};
/* End PBXProject section */

/* Begin PBXResourcesBuildPhase section */
		03901E3F25061E93006C55B2 /* Resources */ = {
			isa = PBXResourcesBuildPhase;
			buildActionMask = 2147483647;
			files = (
				03901E5425061E96006C55B2 /* LaunchScreen.storyboard in Resources */,
				03901E5125061E96006C55B2 /* Preview Assets.xcassets in Resources */,
				03901E4E25061E96006C55B2 /* Assets.xcassets in Resources */,
			);
			runOnlyForDeploymentPostprocessing = 0;
		};
/* End PBXResourcesBuildPhase section */

/* Begin PBXShellScriptBuildPhase section */
		04C6EEA6EE148A9FC42587DC /* [CP] Embed Pods Frameworks */ = {
			isa = PBXShellScriptBuildPhase;
			buildActionMask = 2147483647;
			files = (
			);
			inputFileListPaths = (
				"${PODS_ROOT}/Target Support Files/Pods-dayrec/Pods-dayrec-frameworks-${CONFIGURATION}-input-files.xcfilelist",
			);
			name = "[CP] Embed Pods Frameworks";
			outputFileListPaths = (
				"${PODS_ROOT}/Target Support Files/Pods-dayrec/Pods-dayrec-frameworks-${CONFIGURATION}-output-files.xcfilelist",
			);
			runOnlyForDeploymentPostprocessing = 0;
			shellPath = /bin/sh;
			shellScript = "\"${PODS_ROOT}/Target Support Files/Pods-dayrec/Pods-dayrec-frameworks.sh\"\n";
			showEnvVarsInLog = 0;
		};
		FC6C628DA080F9CF5DA3063F /* [CP] Check Pods Manifest.lock */ = {
			isa = PBXShellScriptBuildPhase;
			buildActionMask = 2147483647;
			files = (
			);
			inputFileListPaths = (
			);
			inputPaths = (
				"${PODS_PODFILE_DIR_PATH}/Podfile.lock",
				"${PODS_ROOT}/Manifest.lock",
			);
			name = "[CP] Check Pods Manifest.lock";
			outputFileListPaths = (
			);
			outputPaths = (
				"$(DERIVED_FILE_DIR)/Pods-dayrec-checkManifestLockResult.txt",
			);
			runOnlyForDeploymentPostprocessing = 0;
			shellPath = /bin/sh;
			shellScript = "diff \"${PODS_PODFILE_DIR_PATH}/Podfile.lock\" \"${PODS_ROOT}/Manifest.lock\" > /dev/null\nif [ $? != 0 ] ; then\n    # print error to STDERR\n    echo \"error: The sandbox is not in sync with the Podfile.lock. Run 'pod install' or update your CocoaPods installation.\" >&2\n    exit 1\nfi\n# This output is used by Xcode 'outputs' to avoid re-running this script phase.\necho \"SUCCESS\" > \"${SCRIPT_OUTPUT_FILE_0}\"\n";
			showEnvVarsInLog = 0;
		};
/* End PBXShellScriptBuildPhase section */

/* Begin PBXSourcesBuildPhase section */
		03901E3D25061E93006C55B2 /* Sources */ = {
			isa = PBXSourcesBuildPhase;
			buildActionMask = 2147483647;
			files = (
				03901E6425073488006C55B2 /* WorkoutReadVC.swift in Sources */,
				033A966F2509F3A000A04CD2 /* AddPageVC.swift in Sources */,
				03679ADB250F2EB000381BC5 /* dayrec.xcdatamodel in Sources */,
				03901E4525061E93006C55B2 /* AppDelegate.swift in Sources */,
				03901E4725061E93006C55B2 /* SceneDelegate.swift in Sources */,
				03901E5E25061FB0006C55B2 /* MainViewController.swift in Sources */,
				03901E6E250735F8006C55B2 /* WorkoutData.swift in Sources */,
				03901E662507349C006C55B2 /* WorkoutFormVC.swift in Sources */,
				03901E6C25073583006C55B2 /* WorkoutListVC.swift in Sources */,
				03901E6A25073521006C55B2 /* WorkoutCell.swift in Sources */,
				03679AD9250F18B600381BC5 /* WorkoutDAO.swift in Sources */,
			);
			runOnlyForDeploymentPostprocessing = 0;
		};
/* End PBXSourcesBuildPhase section */

/* Begin PBXVariantGroup section */
		03901E5225061E96006C55B2 /* LaunchScreen.storyboard */ = {
			isa = PBXVariantGroup;
			children = (
				03901E5325061E96006C55B2 /* Base */,
			);
			name = LaunchScreen.storyboard;
			sourceTree = "<group>";
		};
/* End PBXVariantGroup section */

/* Begin XCBuildConfiguration section */
		03901E5625061E96006C55B2 /* Debug */ = {
			isa = XCBuildConfiguration;
			buildSettings = {
				ALWAYS_SEARCH_USER_PATHS = NO;
				CLANG_ANALYZER_NONNULL = YES;
				CLANG_ANALYZER_NUMBER_OBJECT_CONVERSION = YES_AGGRESSIVE;
				CLANG_CXX_LANGUAGE_STANDARD = "gnu++14";
				CLANG_CXX_LIBRARY = "libc++";
				CLANG_ENABLE_MODULES = YES;
				CLANG_ENABLE_OBJC_ARC = YES;
				CLANG_ENABLE_OBJC_WEAK = YES;
				CLANG_WARN_BLOCK_CAPTURE_AUTORELEASING = YES;
				CLANG_WARN_BOOL_CONVERSION = YES;
				CLANG_WARN_COMMA = YES;
				CLANG_WARN_CONSTANT_CONVERSION = YES;
				CLANG_WARN_DEPRECATED_OBJC_IMPLEMENTATIONS = YES;
				CLANG_WARN_DIRECT_OBJC_ISA_USAGE = YES_ERROR;
				CLANG_WARN_DOCUMENTATION_COMMENTS = YES;
				CLANG_WARN_EMPTY_BODY = YES;
				CLANG_WARN_ENUM_CONVERSION = YES;
				CLANG_WARN_INFINITE_RECURSION = YES;
				CLANG_WARN_INT_CONVERSION = YES;
				CLANG_WARN_NON_LITERAL_NULL_CONVERSION = YES;
				CLANG_WARN_OBJC_IMPLICIT_RETAIN_SELF = YES;
				CLANG_WARN_OBJC_LITERAL_CONVERSION = YES;
				CLANG_WARN_OBJC_ROOT_CLASS = YES_ERROR;
				CLANG_WARN_RANGE_LOOP_ANALYSIS = YES;
				CLANG_WARN_STRICT_PROTOTYPES = YES;
				CLANG_WARN_SUSPICIOUS_MOVE = YES;
				CLANG_WARN_UNGUARDED_AVAILABILITY = YES_AGGRESSIVE;
				CLANG_WARN_UNREACHABLE_CODE = YES;
				CLANG_WARN__DUPLICATE_METHOD_MATCH = YES;
				COPY_PHASE_STRIP = NO;
				DEBUG_INFORMATION_FORMAT = dwarf;
				ENABLE_STRICT_OBJC_MSGSEND = YES;
				ENABLE_TESTABILITY = YES;
				GCC_C_LANGUAGE_STANDARD = gnu11;
				GCC_DYNAMIC_NO_PIC = NO;
				GCC_NO_COMMON_BLOCKS = YES;
				GCC_OPTIMIZATION_LEVEL = 0;
				GCC_PREPROCESSOR_DEFINITIONS = (
					"DEBUG=1",
					"$(inherited)",
				);
				GCC_WARN_64_TO_32_BIT_CONVERSION = YES;
				GCC_WARN_ABOUT_RETURN_TYPE = YES_ERROR;
				GCC_WARN_UNDECLARED_SELECTOR = YES;
				GCC_WARN_UNINITIALIZED_AUTOS = YES_AGGRESSIVE;
				GCC_WARN_UNUSED_FUNCTION = YES;
				GCC_WARN_UNUSED_VARIABLE = YES;
				IPHONEOS_DEPLOYMENT_TARGET = 13.5;
				MTL_ENABLE_DEBUG_INFO = INCLUDE_SOURCE;
				MTL_FAST_MATH = YES;
				ONLY_ACTIVE_ARCH = YES;
				SDKROOT = iphoneos;
				SWIFT_ACTIVE_COMPILATION_CONDITIONS = DEBUG;
				SWIFT_OPTIMIZATION_LEVEL = "-Onone";
			};
			name = Debug;
		};
		03901E5725061E96006C55B2 /* Release */ = {
			isa = XCBuildConfiguration;
			buildSettings = {
				ALWAYS_SEARCH_USER_PATHS = NO;
				CLANG_ANALYZER_NONNULL = YES;
				CLANG_ANALYZER_NUMBER_OBJECT_CONVERSION = YES_AGGRESSIVE;
				CLANG_CXX_LANGUAGE_STANDARD = "gnu++14";
				CLANG_CXX_LIBRARY = "libc++";
				CLANG_ENABLE_MODULES = YES;
				CLANG_ENABLE_OBJC_ARC = YES;
				CLANG_ENABLE_OBJC_WEAK = YES;
				CLANG_WARN_BLOCK_CAPTURE_AUTORELEASING = YES;
				CLANG_WARN_BOOL_CONVERSION = YES;
				CLANG_WARN_COMMA = YES;
				CLANG_WARN_CONSTANT_CONVERSION = YES;
				CLANG_WARN_DEPRECATED_OBJC_IMPLEMENTATIONS = YES;
				CLANG_WARN_DIRECT_OBJC_ISA_USAGE = YES_ERROR;
				CLANG_WARN_DOCUMENTATION_COMMENTS = YES;
				CLANG_WARN_EMPTY_BODY = YES;
				CLANG_WARN_ENUM_CONVERSION = YES;
				CLANG_WARN_INFINITE_RECURSION = YES;
				CLANG_WARN_INT_CONVERSION = YES;
				CLANG_WARN_NON_LITERAL_NULL_CONVERSION = YES;
				CLANG_WARN_OBJC_IMPLICIT_RETAIN_SELF = YES;
				CLANG_WARN_OBJC_LITERAL_CONVERSION = YES;
				CLANG_WARN_OBJC_ROOT_CLASS = YES_ERROR;
				CLANG_WARN_RANGE_LOOP_ANALYSIS = YES;
				CLANG_WARN_STRICT_PROTOTYPES = YES;
				CLANG_WARN_SUSPICIOUS_MOVE = YES;
				CLANG_WARN_UNGUARDED_AVAILABILITY = YES_AGGRESSIVE;
				CLANG_WARN_UNREACHABLE_CODE = YES;
				CLANG_WARN__DUPLICATE_METHOD_MATCH = YES;
				COPY_PHASE_STRIP = NO;
				DEBUG_INFORMATION_FORMAT = "dwarf-with-dsym";
				ENABLE_NS_ASSERTIONS = NO;
				ENABLE_STRICT_OBJC_MSGSEND = YES;
				GCC_C_LANGUAGE_STANDARD = gnu11;
				GCC_NO_COMMON_BLOCKS = YES;
				GCC_WARN_64_TO_32_BIT_CONVERSION = YES;
				GCC_WARN_ABOUT_RETURN_TYPE = YES_ERROR;
				GCC_WARN_UNDECLARED_SELECTOR = YES;
				GCC_WARN_UNINITIALIZED_AUTOS = YES_AGGRESSIVE;
				GCC_WARN_UNUSED_FUNCTION = YES;
				GCC_WARN_UNUSED_VARIABLE = YES;
				IPHONEOS_DEPLOYMENT_TARGET = 13.5;
				MTL_ENABLE_DEBUG_INFO = NO;
				MTL_FAST_MATH = YES;
				SDKROOT = iphoneos;
				SWIFT_COMPILATION_MODE = wholemodule;
				SWIFT_OPTIMIZATION_LEVEL = "-O";
				VALIDATE_PRODUCT = YES;
			};
			name = Release;
		};
		03901E5925061E96006C55B2 /* Debug */ = {
			isa = XCBuildConfiguration;
			baseConfigurationReference = FFC780243213DDC466E766EB /* Pods-dayrec.debug.xcconfig */;
			buildSettings = {
				ASSETCATALOG_COMPILER_APPICON_NAME = AppIcon;
				CODE_SIGN_STYLE = Automatic;
				DEVELOPMENT_ASSET_PATHS = "\"dayrec/Preview Content\"";
				DEVELOPMENT_TEAM = BL6PY5BKVS;
				ENABLE_PREVIEWS = YES;
				INFOPLIST_FILE = dayrec/Info.plist;
				LD_RUNPATH_SEARCH_PATHS = (
					"$(inherited)",
					"@executable_path/Frameworks",
				);
				PRODUCT_BUNDLE_IDENTIFIER = com.Shawn.dayrec;
				PRODUCT_NAME = "$(TARGET_NAME)";
				SWIFT_VERSION = 5.0;
				TARGETED_DEVICE_FAMILY = "1,2";
			};
			name = Debug;
		};
		03901E5A25061E96006C55B2 /* Release */ = {
			isa = XCBuildConfiguration;
			baseConfigurationReference = 8EAE671B5A725A38CF550AF8 /* Pods-dayrec.release.xcconfig */;
			buildSettings = {
				ASSETCATALOG_COMPILER_APPICON_NAME = AppIcon;
				CODE_SIGN_STYLE = Automatic;
				DEVELOPMENT_ASSET_PATHS = "\"dayrec/Preview Content\"";
				DEVELOPMENT_TEAM = BL6PY5BKVS;
				ENABLE_PREVIEWS = YES;
				INFOPLIST_FILE = dayrec/Info.plist;
				LD_RUNPATH_SEARCH_PATHS = (
					"$(inherited)",
					"@executable_path/Frameworks",
				);
				PRODUCT_BUNDLE_IDENTIFIER = com.Shawn.dayrec;
				PRODUCT_NAME = "$(TARGET_NAME)";
				SWIFT_VERSION = 5.0;
				TARGETED_DEVICE_FAMILY = "1,2";
			};
			name = Release;
		};
/* End XCBuildConfiguration section */

/* Begin XCConfigurationList section */
		03901E3C25061E93006C55B2 /* Build configuration list for PBXProject "dayrec" */ = {
			isa = XCConfigurationList;
			buildConfigurations = (
				03901E5625061E96006C55B2 /* Debug */,
				03901E5725061E96006C55B2 /* Release */,
			);
			defaultConfigurationIsVisible = 0;
			defaultConfigurationName = Release;
		};
		03901E5825061E96006C55B2 /* Build configuration list for PBXNativeTarget "dayrec" */ = {
			isa = XCConfigurationList;
			buildConfigurations = (
				03901E5925061E96006C55B2 /* Debug */,
				03901E5A25061E96006C55B2 /* Release */,
			);
			defaultConfigurationIsVisible = 0;
			defaultConfigurationName = Release;
		};
/* End XCConfigurationList section */
	};
	rootObject = 03901E3925061E93006C55B2 /* Project object */;
}
